// !$*UTF8*$!
{
	archiveVersion = 1;
	classes = {
	};
	objectVersion = 77;
	objects = {

/* Begin PBXContainerItemProxy section */
		196C107E2DB4AB940047EC40 /* PBXContainerItemProxy */ = {
			isa = PBXContainerItemProxy;
			containerPortal = 196C105F2DB4AB920047EC40 /* Project object */;
			proxyType = 1;
			remoteGlobalIDString = 196C10662DB4AB920047EC40;
			remoteInfo = "CodePath iOS 101 PreWork";
		};
		196C10882DB4AB940047EC40 /* PBXContainerItemProxy */ = {
			isa = PBXContainerItemProxy;
			containerPortal = 196C105F2DB4AB920047EC40 /* Project object */;
			proxyType = 1;
			remoteGlobalIDString = 196C10662DB4AB920047EC40;
			remoteInfo = "CodePath iOS 101 PreWork";
		};
/* End PBXContainerItemProxy section */

/* Begin PBXFileReference section */
		196C10672DB4AB920047EC40 /* CodePath iOS 101 PreWork.app */ = {isa = PBXFileReference; explicitFileType = wrapper.application; includeInIndex = 0; path = "CodePath iOS 101 PreWork.app"; sourceTree = BUILT_PRODUCTS_DIR; };
		196C107D2DB4AB940047EC40 /* CodePath iOS 101 PreWorkTests.xctest */ = {isa = PBXFileReference; explicitFileType = wrapper.cfbundle; includeInIndex = 0; path = "CodePath iOS 101 PreWorkTests.xctest"; sourceTree = BUILT_PRODUCTS_DIR; };
		196C10872DB4AB940047EC40 /* CodePath iOS 101 PreWorkUITests.xctest */ = {isa = PBXFileReference; explicitFileType = wrapper.cfbundle; includeInIndex = 0; path = "CodePath iOS 101 PreWorkUITests.xctest"; sourceTree = BUILT_PRODUCTS_DIR; };
/* End PBXFileReference section */

/* Begin PBXFileSystemSynchronizedBuildFileExceptionSet section */
		196C108F2DB4AB940047EC40 /* Exceptions for "CodePath iOS 101 PreWork" folder in "CodePath iOS 101 PreWork" target */ = {
			isa = PBXFileSystemSynchronizedBuildFileExceptionSet;
			membershipExceptions = (
				Info.plist,
			);
			target = 196C10662DB4AB920047EC40 /* CodePath iOS 101 PreWork */;
		};
/* End PBXFileSystemSynchronizedBuildFileExceptionSet section */

/* Begin PBXFileSystemSynchronizedRootGroup section */
		196C10692DB4AB920047EC40 /* CodePath iOS 101 PreWork */ = {
			isa = PBXFileSystemSynchronizedRootGroup;
			exceptions = (
				196C108F2DB4AB940047EC40 /* Exceptions for "CodePath iOS 101 PreWork" folder in "CodePath iOS 101 PreWork" target */,
			);
			path = "CodePath iOS 101 PreWork";
			sourceTree = "<group>";
		};
		196C10802DB4AB940047EC40 /* CodePath iOS 101 PreWorkTests */ = {
			isa = PBXFileSystemSynchronizedRootGroup;
			path = "CodePath iOS 101 PreWorkTests";
			sourceTree = "<group>";
		};
		196C108A2DB4AB940047EC40 /* CodePath iOS 101 PreWorkUITests */ = {
			isa = PBXFileSystemSynchronizedRootGroup;
			path = "CodePath iOS 101 PreWorkUITests";
			sourceTree = "<group>";
		};
/* End PBXFileSystemSynchronizedRootGroup section */

/* Begin PBXFrameworksBuildPhase section */
		196C10642DB4AB920047EC40 /* Frameworks */ = {
			isa = PBXFrameworksBuildPhase;
			buildActionMask = 2147483647;
			files = (
			);
			runOnlyForDeploymentPostprocessing = 0;
		};
		196C107A2DB4AB940047EC40 /* Frameworks */ = {
			isa = PBXFrameworksBuildPhase;
			buildActionMask = 2147483647;
			files = (
			);
			runOnlyForDeploymentPostprocessing = 0;
		};
		196C10842DB4AB940047EC40 /* Frameworks */ = {
			isa = PBXFrameworksBuildPhase;
			buildActionMask = 2147483647;
			files = (
			);
			runOnlyForDeploymentPostprocessing = 0;
		};
/* End PBXFrameworksBuildPhase section */

/* Begin PBXGroup section */
		196C105E2DB4AB920047EC40 = {
			isa = PBXGroup;
			children = (
				196C10692DB4AB920047EC40 /* CodePath iOS 101 PreWork */,
				196C10802DB4AB940047EC40 /* CodePath iOS 101 PreWorkTests */,
				196C108A2DB4AB940047EC40 /* CodePath iOS 101 PreWorkUITests */,
				196C10682DB4AB920047EC40 /* Products */,
			);
			sourceTree = "<group>";
		};
		196C10682DB4AB920047EC40 /* Products */ = {
			isa = PBXGroup;
			children = (
				196C10672DB4AB920047EC40 /* CodePath iOS 101 PreWork.app */,
				196C107D2DB4AB940047EC40 /* CodePath iOS 101 PreWorkTests.xctest */,
				196C10872DB4AB940047EC40 /* CodePath iOS 101 PreWorkUITests.xctest */,
			);
			name = Products;
			sourceTree = "<group>";
		};
/* End PBXGroup section */

/* Begin PBXNativeTarget section */
		196C10662DB4AB920047EC40 /* CodePath iOS 101 PreWork */ = {
			isa = PBXNativeTarget;
			buildConfigurationList = 196C10902DB4AB940047EC40 /* Build configuration list for PBXNativeTarget "CodePath iOS 101 PreWork" */;
			buildPhases = (
				196C10632DB4AB920047EC40 /* Sources */,
				196C10642DB4AB920047EC40 /* Frameworks */,
				196C10652DB4AB920047EC40 /* Resources */,
			);
			buildRules = (
			);
			dependencies = (
			);
			fileSystemSynchronizedGroups = (
				196C10692DB4AB920047EC40 /* CodePath iOS 101 PreWork */,
			);
			name = "CodePath iOS 101 PreWork";
			packageProductDependencies = (
			);
			productName = "CodePath iOS 101 PreWork";
			productReference = 196C10672DB4AB920047EC40 /* CodePath iOS 101 PreWork.app */;
			productType = "com.apple.product-type.application";
		};
		196C107C2DB4AB940047EC40 /* CodePath iOS 101 PreWorkTests */ = {
			isa = PBXNativeTarget;
			buildConfigurationList = 196C10952DB4AB940047EC40 /* Build configuration list for PBXNativeTarget "CodePath iOS 101 PreWorkTests" */;
			buildPhases = (
				196C10792DB4AB940047EC40 /* Sources */,
				196C107A2DB4AB940047EC40 /* Frameworks */,
				196C107B2DB4AB940047EC40 /* Resources */,
			);
			buildRules = (
			);
			dependencies = (
				196C107F2DB4AB940047EC40 /* PBXTargetDependency */,
			);
			fileSystemSynchronizedGroups = (
				196C10802DB4AB940047EC40 /* CodePath iOS 101 PreWorkTests */,
			);
			name = "CodePath iOS 101 PreWorkTests";
			packageProductDependencies = (
			);
			productName = "CodePath iOS 101 PreWorkTests";
			productReference = 196C107D2DB4AB940047EC40 /* CodePath iOS 101 PreWorkTests.xctest */;
			productType = "com.apple.product-type.bundle.unit-test";
		};
		196C10862DB4AB940047EC40 /* CodePath iOS 101 PreWorkUITests */ = {
			isa = PBXNativeTarget;
			buildConfigurationList = 196C10982DB4AB940047EC40 /* Build configuration list for PBXNativeTarget "CodePath iOS 101 PreWorkUITests" */;
			buildPhases = (
				196C10832DB4AB940047EC40 /* Sources */,
				196C10842DB4AB940047EC40 /* Frameworks */,
				196C10852DB4AB940047EC40 /* Resources */,
			);
			buildRules = (
			);
			dependencies = (
				196C10892DB4AB940047EC40 /* PBXTargetDependency */,
			);
			fileSystemSynchronizedGroups = (
				196C108A2DB4AB940047EC40 /* CodePath iOS 101 PreWorkUITests */,
			);
			name = "CodePath iOS 101 PreWorkUITests";
			packageProductDependencies = (
			);
			productName = "CodePath iOS 101 PreWorkUITests";
			productReference = 196C10872DB4AB940047EC40 /* CodePath iOS 101 PreWorkUITests.xctest */;
			productType = "com.apple.product-type.bundle.ui-testing";
		};
/* End PBXNativeTarget section */

/* Begin PBXProject section */
		196C105F2DB4AB920047EC40 /* Project object */ = {
			isa = PBXProject;
			attributes = {
				BuildIndependentTargetsInParallel = 1;
				LastSwiftUpdateCheck = 1610;
				LastUpgradeCheck = 1610;
				TargetAttributes = {
					196C10662DB4AB920047EC40 = {
						CreatedOnToolsVersion = 16.1;
					};
					196C107C2DB4AB940047EC40 = {
						CreatedOnToolsVersion = 16.1;
						TestTargetID = 196C10662DB4AB920047EC40;
					};
					196C10862DB4AB940047EC40 = {
						CreatedOnToolsVersion = 16.1;
						TestTargetID = 196C10662DB4AB920047EC40;
					};
				};
			};
			buildConfigurationList = 196C10622DB4AB920047EC40 /* Build configuration list for PBXProject "CodePath iOS 101 PreWork" */;
			developmentRegion = en;
			hasScannedForEncodings = 0;
			knownRegions = (
				en,
				Base,
			);
			mainGroup = 196C105E2DB4AB920047EC40;
			minimizedProjectReferenceProxies = 1;
			preferredProjectObjectVersion = 77;
			productRefGroup = 196C10682DB4AB920047EC40 /* Products */;
			projectDirPath = "";
			projectRoot = "";
			targets = (
				196C10662DB4AB920047EC40 /* CodePath iOS 101 PreWork */,
				196C107C2DB4AB940047EC40 /* CodePath iOS 101 PreWorkTests */,
				196C10862DB4AB940047EC40 /* CodePath iOS 101 PreWorkUITests */,
			);
		};
/* End PBXProject section */

/* Begin PBXResourcesBuildPhase section */
		196C10652DB4AB920047EC40 /* Resources */ = {
			isa = PBXResourcesBuildPhase;
			buildActionMask = 2147483647;
			files = (
			);
			runOnlyForDeploymentPostprocessing = 0;
		};
		196C107B2DB4AB940047EC40 /* Resources */ = {
			isa = PBXResourcesBuildPhase;
			buildActionMask = 2147483647;
			files = (
			);
			runOnlyForDeploymentPostprocessing = 0;
		};
		196C10852DB4AB940047EC40 /* Resources */ = {
			isa = PBXResourcesBuildPhase;
			buildActionMask = 2147483647;
			files = (
			);
			runOnlyForDeploymentPostprocessing = 0;
		};
/* End PBXResourcesBuildPhase section */

/* Begin PBXSourcesBuildPhase section */
		196C10632DB4AB920047EC40 /* Sources */ = {
			isa = PBXSourcesBuildPhase;
			buildActionMask = 2147483647;
			files = (
			);
			runOnlyForDeploymentPostprocessing = 0;
		};
		196C10792DB4AB940047EC40 /* Sources */ = {
			isa = PBXSourcesBuildPhase;
			buildActionMask = 2147483647;
			files = (
			);
			runOnlyForDeploymentPostprocessing = 0;
		};
		196C10832DB4AB940047EC40 /* Sources */ = {
			isa = PBXSourcesBuildPhase;
			buildActionMask = 2147483647;
			files = (
			);
			runOnlyForDeploymentPostprocessing = 0;
		};
/* End PBXSourcesBuildPhase section */

/* Begin PBXTargetDependency section */
		196C107F2DB4AB940047EC40 /* PBXTargetDependency */ = {
			isa = PBXTargetDependency;
			target = 196C10662DB4AB920047EC40 /* CodePath iOS 101 PreWork */;
			targetProxy = 196C107E2DB4AB940047EC40 /* PBXContainerItemProxy */;
		};
		196C10892DB4AB940047EC40 /* PBXTargetDependency */ = {
			isa = PBXTargetDependency;
			target = 196C10662DB4AB920047EC40 /* CodePath iOS 101 PreWork */;
			targetProxy = 196C10882DB4AB940047EC40 /* PBXContainerItemProxy */;
		};
/* End PBXTargetDependency section */

/* Begin XCBuildConfiguration section */
		196C10912DB4AB940047EC40 /* Debug */ = {
			isa = XCBuildConfiguration;
			buildSettings = {
				ASSETCATALOG_COMPILER_APPICON_NAME = AppIcon;
				ASSETCATALOG_COMPILER_GLOBAL_ACCENT_COLOR_NAME = AccentColor;
				CODE_SIGN_STYLE = Automatic;
				CURRENT_PROJECT_VERSION = 1;
				DEVELOPMENT_TEAM = M7QND38H4N;
				GENERATE_INFOPLIST_FILE = YES;
				INFOPLIST_FILE = "CodePath iOS 101 PreWork/Info.plist";
				INFOPLIST_KEY_UIApplicationSupportsIndirectInputEvents = YES;
				INFOPLIST_KEY_UILaunchStoryboardName = LaunchScreen;
				INFOPLIST_KEY_UIMainStoryboardFile = Main;
				INFOPLIST_KEY_UISupportedInterfaceOrientations_iPad = "UIInterfaceOrientationPortrait UIInterfaceOrientationPortraitUpsideDown UIInterfaceOrientationLandscapeLeft UIInterfaceOrientationLandscapeRight";
				INFOPLIST_KEY_UISupportedInterfaceOrientations_iPhone = "UIInterfaceOrientationPortrait UIInterfaceOrientationLandscapeLeft UIInterfaceOrientationLandscapeRight";
				LD_RUNPATH_SEARCH_PATHS = (
					"$(inherited)",
					"@executable_path/Frameworks",
				);
				MARKETING_VERSION = 1.0;
				PRODUCT_BUNDLE_IDENTIFIER = "Testing.CodePath-iOS-101-PreWork";
				PRODUCT_NAME = "$(TARGET_NAME)";
				SWIFT_EMIT_LOC_STRINGS = YES;
				SWIFT_VERSION = 5.0;
				TARGETED_DEVICE_FAMILY = "1,2";
			};
			name = Debug;
		};
		196C10922DB4AB940047EC40 /* Release */ = {
			isa = XCBuildConfiguration;
			buildSettings = {
				ASSETCATALOG_COMPILER_APPICON_NAME = AppIcon;
				ASSETCATALOG_COMPILER_GLOBAL_ACCENT_COLOR_NAME = AccentColor;
				CODE_SIGN_STYLE = Automatic;
				CURRENT_PROJECT_VERSION = 1;
				DEVELOPMENT_TEAM = M7QND38H4N;
				GENERATE_INFOPLIST_FILE = YES;
				INFOPLIST_FILE = "CodePath iOS 101 PreWork/Info.plist";
				INFOPLIST_KEY_UIApplicationSupportsIndirectInputEvents = YES;
				INFOPLIST_KEY_UILaunchStoryboardName = LaunchScreen;
				INFOPLIST_KEY_UIMainStoryboardFile = Main;
				INFOPLIST_KEY_UISupportedInterfaceOrientations_iPad = "UIInterfaceOrientationPortrait UIInterfaceOrientationPortraitUpsideDown UIInterfaceOrientationLandscapeLeft UIInterfaceOrientationLandscapeRight";
				INFOPLIST_KEY_UISupportedInterfaceOrientations_iPhone = "UIInterfaceOrientationPortrait UIInterfaceOrientationLandscapeLeft UIInterfaceOrientationLandscapeRight";
				LD_RUNPATH_SEARCH_PATHS = (
					"$(inherited)",
					"@executable_path/Frameworks",
				);
				MARKETING_VERSION = 1.0;
				PRODUCT_BUNDLE_IDENTIFIER = "Testing.CodePath-iOS-101-PreWork";
				PRODUCT_NAME = "$(TARGET_NAME)";
				SWIFT_EMIT_LOC_STRINGS = YES;
				SWIFT_VERSION = 5.0;
				TARGETED_DEVICE_FAMILY = "1,2";
			};
			name = Release;
		};
		196C10932DB4AB940047EC40 /* Debug */ = {
			isa = XCBuildConfiguration;
			buildSettings = {
				ALWAYS_SEARCH_USER_PATHS = NO;
				ASSETCATALOG_COMPILER_GENERATE_SWIFT_ASSET_SYMBOL_EXTENSIONS = YES;
				CLANG_ANALYZER_NONNULL = YES;
				CLANG_ANALYZER_NUMBER_OBJECT_CONVERSION = YES_AGGRESSIVE;
				CLANG_CXX_LANGUAGE_STANDARD = "gnu++20";
				CLANG_ENABLE_MODULES = YES;
				CLANG_ENABLE_OBJC_ARC = YES;
				CLANG_ENABLE_OBJC_WEAK = YES;
				CLANG_WARN_BLOCK_CAPTURE_AUTORELEASING = YES;
				CLANG_WARN_BOOL_CONVERSION = YES;
				CLANG_WARN_COMMA = YES;
				CLANG_WARN_CONSTANT_CONVERSION = YES;
				CLANG_WARN_DEPRECATED_OBJC_IMPLEMENTATIONS = YES;
				CLANG_WARN_DIRECT_OBJC_ISA_USAGE = YES_ERROR;
				CLANG_WARN_DOCUMENTATION_COMMENTS = YES;
				CLANG_WARN_EMPTY_BODY = YES;
				CLANG_WARN_ENUM_CONVERSION = YES;
				CLANG_WARN_INFINITE_RECURSION = YES;
				CLANG_WARN_INT_CONVERSION = YES;
				CLANG_WARN_NON_LITERAL_NULL_CONVERSION = YES;
				CLANG_WARN_OBJC_IMPLICIT_RETAIN_SELF = YES;
				CLANG_WARN_OBJC_LITERAL_CONVERSION = YES;
				CLANG_WARN_OBJC_ROOT_CLASS = YES_ERROR;
				CLANG_WARN_QUOTED_INCLUDE_IN_FRAMEWORK_HEADER = YES;
				CLANG_WARN_RANGE_LOOP_ANALYSIS = YES;
				CLANG_WARN_STRICT_PROTOTYPES = YES;
				CLANG_WARN_SUSPICIOUS_MOVE = YES;
				CLANG_WARN_UNGUARDED_AVAILABILITY = YES_AGGRESSIVE;
				CLANG_WARN_UNREACHABLE_CODE = YES;
				CLANG_WARN__DUPLICATE_METHOD_MATCH = YES;
				COPY_PHASE_STRIP = NO;
				DEBUG_INFORMATION_FORMAT = dwarf;
				ENABLE_STRICT_OBJC_MSGSEND = YES;
				ENABLE_TESTABILITY = YES;
				ENABLE_USER_SCRIPT_SANDBOXING = YES;
				GCC_C_LANGUAGE_STANDARD = gnu17;
				GCC_DYNAMIC_NO_PIC = NO;
				GCC_NO_COMMON_BLOCKS = YES;
				GCC_OPTIMIZATION_LEVEL = 0;
				GCC_PREPROCESSOR_DEFINITIONS = (
					"DEBUG=1",
					"$(inherited)",
				);
				GCC_WARN_64_TO_32_BIT_CONVERSION = YES;
				GCC_WARN_ABOUT_RETURN_TYPE = YES_ERROR;
				GCC_WARN_UNDECLARED_SELECTOR = YES;
				GCC_WARN_UNINITIALIZED_AUTOS = YES_AGGRESSIVE;
				GCC_WARN_UNUSED_FUNCTION = YES;
				GCC_WARN_UNUSED_VARIABLE = YES;
				IPHONEOS_DEPLOYMENT_TARGET = 18.1;
				LOCALIZATION_PREFERS_STRING_CATALOGS = YES;
				MTL_ENABLE_DEBUG_INFO = INCLUDE_SOURCE;
				MTL_FAST_MATH = YES;
				ONLY_ACTIVE_ARCH = YES;
				SDKROOT = iphoneos;
				SWIFT_ACTIVE_COMPILATION_CONDITIONS = "DEBUG $(inherited)";
				SWIFT_OPTIMIZATION_LEVEL = "-Onone";
			};
			name = Debug;
		};
		196C10942DB4AB940047EC40 /* Release */ = {
			isa = XCBuildConfiguration;
			buildSettings = {
				ALWAYS_SEARCH_USER_PATHS = NO;
				ASSETCATALOG_COMPILER_GENERATE_SWIFT_ASSET_SYMBOL_EXTENSIONS = YES;
				CLANG_ANALYZER_NONNULL = YES;
				CLANG_ANALYZER_NUMBER_OBJECT_CONVERSION = YES_AGGRESSIVE;
				CLANG_CXX_LANGUAGE_STANDARD = "gnu++20";
				CLANG_ENABLE_MODULES = YES;
				CLANG_ENABLE_OBJC_ARC = YES;
				CLANG_ENABLE_OBJC_WEAK = YES;
				CLANG_WARN_BLOCK_CAPTURE_AUTORELEASING = YES;
				CLANG_WARN_BOOL_CONVERSION = YES;
				CLANG_WARN_COMMA = YES;
				CLANG_WARN_CONSTANT_CONVERSION = YES;
				CLANG_WARN_DEPRECATED_OBJC_IMPLEMENTATIONS = YES;
				CLANG_WARN_DIRECT_OBJC_ISA_USAGE = YES_ERROR;
				CLANG_WARN_DOCUMENTATION_COMMENTS = YES;
				CLANG_WARN_EMPTY_BODY = YES;
				CLANG_WARN_ENUM_CONVERSION = YES;
				CLANG_WARN_INFINITE_RECURSION = YES;
				CLANG_WARN_INT_CONVERSION = YES;
				CLANG_WARN_NON_LITERAL_NULL_CONVERSION = YES;
				CLANG_WARN_OBJC_IMPLICIT_RETAIN_SELF = YES;
				CLANG_WARN_OBJC_LITERAL_CONVERSION = YES;
				CLANG_WARN_OBJC_ROOT_CLASS = YES_ERROR;
				CLANG_WARN_QUOTED_INCLUDE_IN_FRAMEWORK_HEADER = YES;
				CLANG_WARN_RANGE_LOOP_ANALYSIS = YES;
				CLANG_WARN_STRICT_PROTOTYPES = YES;
				CLANG_WARN_SUSPICIOUS_MOVE = YES;
				CLANG_WARN_UNGUARDED_AVAILABILITY = YES_AGGRESSIVE;
				CLANG_WARN_UNREACHABLE_CODE = YES;
				CLANG_WARN__DUPLICATE_METHOD_MATCH = YES;
				COPY_PHASE_STRIP = NO;
				DEBUG_INFORMATION_FORMAT = "dwarf-with-dsym";
				ENABLE_NS_ASSERTIONS = NO;
				ENABLE_STRICT_OBJC_MSGSEND = YES;
				ENABLE_USER_SCRIPT_SANDBOXING = YES;
				GCC_C_LANGUAGE_STANDARD = gnu17;
				GCC_NO_COMMON_BLOCKS = YES;
				GCC_WARN_64_TO_32_BIT_CONVERSION = YES;
				GCC_WARN_ABOUT_RETURN_TYPE = YES_ERROR;
				GCC_WARN_UNDECLARED_SELECTOR = YES;
				GCC_WARN_UNINITIALIZED_AUTOS = YES_AGGRESSIVE;
				GCC_WARN_UNUSED_FUNCTION = YES;
				GCC_WARN_UNUSED_VARIABLE = YES;
				IPHONEOS_DEPLOYMENT_TARGET = 18.1;
				LOCALIZATION_PREFERS_STRING_CATALOGS = YES;
				MTL_ENABLE_DEBUG_INFO = NO;
				MTL_FAST_MATH = YES;
				SDKROOT = iphoneos;
				SWIFT_COMPILATION_MODE = wholemodule;
				VALIDATE_PRODUCT = YES;
			};
			name = Release;
		};
		196C10962DB4AB940047EC40 /* Debug */ = {
			isa = XCBuildConfiguration;
			buildSettings = {
				BUNDLE_LOADER = "$(TEST_HOST)";
				CODE_SIGN_STYLE = Automatic;
				CURRENT_PROJECT_VERSION = 1;
				DEVELOPMENT_TEAM = M7QND38H4N;
				GENERATE_INFOPLIST_FILE = YES;
				IPHONEOS_DEPLOYMENT_TARGET = 18.1;
				MARKETING_VERSION = 1.0;
				PRODUCT_BUNDLE_IDENTIFIER = "Testing.CodePath-iOS-101-PreWorkTests";
				PRODUCT_NAME = "$(TARGET_NAME)";
				SWIFT_EMIT_LOC_STRINGS = NO;
				SWIFT_VERSION = 5.0;
				TARGETED_DEVICE_FAMILY = "1,2";
				TEST_HOST = "$(BUILT_PRODUCTS_DIR)/CodePath iOS 101 PreWork.app/$(BUNDLE_EXECUTABLE_FOLDER_PATH)/CodePath iOS 101 PreWork";
			};
			name = Debug;
		};
		196C10972DB4AB940047EC40 /* Release */ = {
			isa = XCBuildConfiguration;
			buildSettings = {
				BUNDLE_LOADER = "$(TEST_HOST)";
				CODE_SIGN_STYLE = Automatic;
				CURRENT_PROJECT_VERSION = 1;
				DEVELOPMENT_TEAM = M7QND38H4N;
				GENERATE_INFOPLIST_FILE = YES;
				IPHONEOS_DEPLOYMENT_TARGET = 18.1;
				MARKETING_VERSION = 1.0;
				PRODUCT_BUNDLE_IDENTIFIER = "Testing.CodePath-iOS-101-PreWorkTests";
				PRODUCT_NAME = "$(TARGET_NAME)";
				SWIFT_EMIT_LOC_STRINGS = NO;
				SWIFT_VERSION = 5.0;
				TARGETED_DEVICE_FAMILY = "1,2";
				TEST_HOST = "$(BUILT_PRODUCTS_DIR)/CodePath iOS 101 PreWork.app/$(BUNDLE_EXECUTABLE_FOLDER_PATH)/CodePath iOS 101 PreWork";
			};
			name = Release;
		};
		196C10992DB4AB940047EC40 /* Debug */ = {
			isa = XCBuildConfiguration;
			buildSettings = {
				CODE_SIGN_STYLE = Automatic;
				CURRENT_PROJECT_VERSION = 1;
				DEVELOPMENT_TEAM = M7QND38H4N;
				GENERATE_INFOPLIST_FILE = YES;
				MARKETING_VERSION = 1.0;
				PRODUCT_BUNDLE_IDENTIFIER = "Testing.CodePath-iOS-101-PreWorkUITests";
				PRODUCT_NAME = "$(TARGET_NAME)";
				SWIFT_EMIT_LOC_STRINGS = NO;
				SWIFT_VERSION = 5.0;
				TARGETED_DEVICE_FAMILY = "1,2";
				TEST_TARGET_NAME = "CodePath iOS 101 PreWork";
			};
			name = Debug;
		};
		196C109A2DB4AB940047EC40 /* Release */ = {
			isa = XCBuildConfiguration;
			buildSettings = {
				CODE_SIGN_STYLE = Automatic;
				CURRENT_PROJECT_VERSION = 1;
				DEVELOPMENT_TEAM = M7QND38H4N;
				GENERATE_INFOPLIST_FILE = YES;
				MARKETING_VERSION = 1.0;
				PRODUCT_BUNDLE_IDENTIFIER = "Testing.CodePath-iOS-101-PreWorkUITests";
				PRODUCT_NAME = "$(TARGET_NAME)";
				SWIFT_EMIT_LOC_STRINGS = NO;
				SWIFT_VERSION = 5.0;
				TARGETED_DEVICE_FAMILY = "1,2";
				TEST_TARGET_NAME = "CodePath iOS 101 PreWork";
			};
			name = Release;
		};
/* End XCBuildConfiguration section */

/* Begin XCConfigurationList section */
		196C10622DB4AB920047EC40 /* Build configuration list for PBXProject "CodePath iOS 101 PreWork" */ = {
			isa = XCConfigurationList;
			buildConfigurations = (
				196C10932DB4AB940047EC40 /* Debug */,
				196C10942DB4AB940047EC40 /* Release */,
			);
			defaultConfigurationIsVisible = 0;
			defaultConfigurationName = Release;
		};
		196C10902DB4AB940047EC40 /* Build configuration list for PBXNativeTarget "CodePath iOS 101 PreWork" */ = {
			isa = XCConfigurationList;
			buildConfigurations = (
				196C10912DB4AB940047EC40 /* Debug */,
				196C10922DB4AB940047EC40 /* Release */,
			);
			defaultConfigurationIsVisible = 0;
			defaultConfigurationName = Release;
		};
		196C10952DB4AB940047EC40 /* Build configuration list for PBXNativeTarget "CodePath iOS 101 PreWorkTests" */ = {
			isa = XCConfigurationList;
			buildConfigurations = (
				196C10962DB4AB940047EC40 /* Debug */,
				196C10972DB4AB940047EC40 /* Release */,
			);
			defaultConfigurationIsVisible = 0;
			defaultConfigurationName = Release;
		};
		196C10982DB4AB940047EC40 /* Build configuration list for PBXNativeTarget "CodePath iOS 101 PreWorkUITests" */ = {
			isa = XCConfigurationList;
			buildConfigurations = (
				196C10992DB4AB940047EC40 /* Debug */,
				196C109A2DB4AB940047EC40 /* Release */,
			);
			defaultConfigurationIsVisible = 0;
			defaultConfigurationName = Release;
		};
/* End XCConfigurationList section */
	};
	rootObject = 196C105F2DB4AB920047EC40 /* Project object */;
}
